# This file is automatically @generated by Cargo.
# It is not intended for manual editing.
version = 4

[[package]]
name = "PoWerRuSt"
version = "0.5.0"
source = "registry+https://github.com/rust-lang/crates.io-index"
checksum = "bf22fb91b38de8c737e533410d98a15d4074d49fd175cdc235505f5b765bc1d6"
dependencies = [
 "pwrs-macros",
 "pwrs-sys",
]

[[package]]
name = "proc-macro2"
version = "1.0.107"
source = "registry+https://github.com/rust-lang/crates.io-index"
checksum = "985e7ec9bb745e6ce6535b544d84d6cd6f7ad8bd711c398938ae983b91a766d9"
dependencies = [
 "unicode-ident",
]

[[package]]
name = "pwrs-macros"
version = "0.5.0"
source = "registry+https://github.com/rust-lang/crates.io-index"
checksum = "47392f70dc558ceff1ad67292827bf8270b92ffaa28cae044a8380db6988c217"
dependencies = [
 "proc-macro2",
 "quote",
 "syn",
]

[[package]]
name = "pwrs-sys"
version = "0.5.0"
source = "registry+https://github.com/rust-lang/crates.io-index"
checksum = "1e307d4dda8c0070e2d08149b9436f0c2a08ed547c3ee068850ab72d11bd00b3"

[[package]]
name = "pwrs-write-color-ex"
version = "1.2.0"
dependencies = [
 "PoWerRuSt",
 "unicode-width",
]

[[package]]
name = "quote"
version = "1.0.47"
source = "registry+https://github.com/rust-lang/crates.io-index"
checksum = "1fbf4db142a473a8d80c26bbf18454ed458bf8d26c8219c331daecfdbd079001"
dependencies = [
 "proc-macro2",
]

[[package]]
name = "syn"
version = "3.0.6"
source = "registry+https://github.com/rust-lang/crates.io-index"
checksum = "8593e8e72159ed2257d083c7a454a85cbf854f37a0966d8d483aff8c8a3ebcee"
dependencies = [
 "proc-macro2",
 "quote",
 "unicode-ident",
]

[[package]]
name = "unicode-ident"
version = "1.0.26"
source = "registry+https://github.com/rust-lang/crates.io-index"
checksum = "d245f478577f809a851594d02313b640fb437e0bb33866753cff937863096954"

[[package]]
name = "unicode-width"
version = "0.2.2"
source = "registry+https://github.com/rust-lang/crates.io-index"
checksum = "b4ac048d71ede7ee76d585517add45da530660ef4390e49b098733c6e897f254"
